// !$*UTF8*$!
{
	archiveVersion = 1;
	classes = {
	};
	objectVersion = 50;
	objects = {

/* Begin PBXBuildFile section */
		846D6FCA2278113100F50D76 /* AppDelegate.swift in Sources */ = {isa = PBXBuildFile; fileRef = 846D6FC92278113100F50D76 /* AppDelegate.swift */; };
		846D6FCC2278113100F50D76 /* ViewController.swift in Sources */ = {isa = PBXBuildFile; fileRef = 846D6FCB2278113100F50D76 /* ViewController.swift */; };
		846D6FCF2278113100F50D76 /* Main.storyboard in Resources */ = {isa = PBXBuildFile; fileRef = 846D6FCD2278113100F50D76 /* Main.storyboard */; };
		846D6FD12278113200F50D76 /* Assets.xcassets in Resources */ = {isa = PBXBuildFile; fileRef = 846D6FD02278113200F50D76 /* Assets.xcassets */; };
		846D6FD42278113200F50D76 /* LaunchScreen.storyboard in Resources */ = {isa = PBXBuildFile; fileRef = 846D6FD22278113200F50D76 /* LaunchScreen.storyboard */; };
		846D6FDF2278113200F50D76 /* TodoAppTests.swift in Sources */ = {isa = PBXBuildFile; fileRef = 846D6FDE2278113200F50D76 /* TodoAppTests.swift */; };
		846D6FEA2278113200F50D76 /* TodoAppUITests.swift in Sources */ = {isa = PBXBuildFile; fileRef = 846D6FE92278113200F50D76 /* TodoAppUITests.swift */; };
		846D6FF82278143600F50D76 /* SecondScreen.storyboard in Resources */ = {isa = PBXBuildFile; fileRef = 846D6FF72278143600F50D76 /* SecondScreen.storyboard */; };
		846D6FFA227815E400F50D76 /* NextViewController.swift in Sources */ = {isa = PBXBuildFile; fileRef = 846D6FF9227815E400F50D76 /* NextViewController.swift */; };
/* End PBXBuildFile section */

/* Begin PBXContainerItemProxy section */
		846D6FDB2278113200F50D76 /* PBXContainerItemProxy */ = {
			isa = PBXContainerItemProxy;
			containerPortal = 846D6FBE2278113100F50D76 /* Project object */;
			proxyType = 1;
			remoteGlobalIDString = 846D6FC52278113100F50D76;
			remoteInfo = TodoApp;
		};
		846D6FE62278113200F50D76 /* PBXContainerItemProxy */ = {
			isa = PBXContainerItemProxy;
			containerPortal = 846D6FBE2278113100F50D76 /* Project object */;
			proxyType = 1;
			remoteGlobalIDString = 846D6FC52278113100F50D76;
			remoteInfo = TodoApp;
		};
/* End PBXContainerItemProxy section */

/* Begin PBXFileReference section */
		846D6FC62278113100F50D76 /* TodoApp.app */ = {isa = PBXFileReference; explicitFileType = wrapper.application; includeInIndex = 0; path = TodoApp.app; sourceTree = BUILT_PRODUCTS_DIR; };
		846D6FC92278113100F50D76 /* AppDelegate.swift */ = {isa = PBXFileReference; lastKnownFileType = sourcecode.swift; path = AppDelegate.swift; sourceTree = "<group>"; };
		846D6FCB2278113100F50D76 /* ViewController.swift */ = {isa = PBXFileReference; lastKnownFileType = sourcecode.swift; path = ViewController.swift; sourceTree = "<group>"; };
		846D6FCE2278113100F50D76 /* Base */ = {isa = PBXFileReference; lastKnownFileType = file.storyboard; name = Base; path = Base.lproj/Main.storyboard; sourceTree = "<group>"; };
		846D6FD02278113200F50D76 /* Assets.xcassets */ = {isa = PBXFileReference; lastKnownFileType = folder.assetcatalog; path = Assets.xcassets; sourceTree = "<group>"; };
		846D6FD32278113200F50D76 /* Base */ = {isa = PBXFileReference; lastKnownFileType = file.storyboard; name = Base; path = Base.lproj/LaunchScreen.storyboard; sourceTree = "<group>"; };
		846D6FD52278113200F50D76 /* Info.plist */ = {isa = PBXFileReference; lastKnownFileType = text.plist.xml; path = Info.plist; sourceTree = "<group>"; };
		846D6FDA2278113200F50D76 /* TodoAppTests.xctest */ = {isa = PBXFileReference; explicitFileType = wrapper.cfbundle; includeInIndex = 0; path = TodoAppTests.xctest; sourceTree = BUILT_PRODUCTS_DIR; };
		846D6FDE2278113200F50D76 /* TodoAppTests.swift */ = {isa = PBXFileReference; lastKnownFileType = sourcecode.swift; path = TodoAppTests.swift; sourceTree = "<group>"; };
		846D6FE02278113200F50D76 /* Info.plist */ = {isa = PBXFileReference; lastKnownFileType = text.plist.xml; path = Info.plist; sourceTree = "<group>"; };
		846D6FE52278113200F50D76 /* TodoAppUITests.xctest */ = {isa = PBXFileReference; explicitFileType = wrapper.cfbundle; includeInIndex = 0; path = TodoAppUITests.xctest; sourceTree = BUILT_PRODUCTS_DIR; };
		846D6FE92278113200F50D76 /* TodoAppUITests.swift */ = {isa = PBXFileReference; lastKnownFileType = sourcecode.swift; path = TodoAppUITests.swift; sourceTree = "<group>"; };
		846D6FEB2278113200F50D76 /* Info.plist */ = {isa = PBXFileReference; lastKnownFileType = text.plist.xml; path = Info.plist; sourceTree = "<group>"; };
		846D6FF72278143600F50D76 /* SecondScreen.storyboard */ = {isa = PBXFileReference; lastKnownFileType = file.storyboard; path = SecondScreen.storyboard; sourceTree = "<group>"; };
		846D6FF9227815E400F50D76 /* NextViewController.swift */ = {isa = PBXFileReference; lastKnownFileType = sourcecode.swift; path = NextViewController.swift; sourceTree = "<group>"; };
/* End PBXFileReference section */

/* Begin PBXFrameworksBuildPhase section */
		846D6FC32278113100F50D76 /* Frameworks */ = {
			isa = PBXFrameworksBuildPhase;
			buildActionMask = 2147483647;
			files = (
			);
			runOnlyForDeploymentPostprocessing = 0;
		};
		846D6FD72278113200F50D76 /* Frameworks */ = {
			isa = PBXFrameworksBuildPhase;
			buildActionMask = 2147483647;
			files = (
			);
			runOnlyForDeploymentPostprocessing = 0;
		};
		846D6FE22278113200F50D76 /* Frameworks */ = {
			isa = PBXFrameworksBuildPhase;
			buildActionMask = 2147483647;
			files = (
			);
			runOnlyForDeploymentPostprocessing = 0;
		};
/* End PBXFrameworksBuildPhase section */

/* Begin PBXGroup section */
		846D6FBD2278113100F50D76 = {
			isa = PBXGroup;
			children = (
				846D6FC82278113100F50D76 /* TodoApp */,
				846D6FDD2278113200F50D76 /* TodoAppTests */,
				846D6FE82278113200F50D76 /* TodoAppUITests */,
				846D6FC72278113100F50D76 /* Products */,
			);
			sourceTree = "<group>";
		};
		846D6FC72278113100F50D76 /* Products */ = {
			isa = PBXGroup;
			children = (
				846D6FC62278113100F50D76 /* TodoApp.app */,
				846D6FDA2278113200F50D76 /* TodoAppTests.xctest */,
				846D6FE52278113200F50D76 /* TodoAppUITests.xctest */,
			);
			name = Products;
			sourceTree = "<group>";
		};
		846D6FC82278113100F50D76 /* TodoApp */ = {
			isa = PBXGroup;
			children = (
				846D6FC92278113100F50D76 /* AppDelegate.swift */,
				846D6FCB2278113100F50D76 /* ViewController.swift */,
				846D6FCD2278113100F50D76 /* Main.storyboard */,
				846D6FD02278113200F50D76 /* Assets.xcassets */,
				846D6FD22278113200F50D76 /* LaunchScreen.storyboard */,
				846D6FD52278113200F50D76 /* Info.plist */,
				846D6FF72278143600F50D76 /* SecondScreen.storyboard */,
				846D6FF9227815E400F50D76 /* NextViewController.swift */,
			);
			path = TodoApp;
			sourceTree = "<group>";
		};
		846D6FDD2278113200F50D76 /* TodoAppTests */ = {
			isa = PBXGroup;
			children = (
				846D6FDE2278113200F50D76 /* TodoAppTests.swift */,
				846D6FE02278113200F50D76 /* Info.plist */,
			);
			path = TodoAppTests;
			sourceTree = "<group>";
		};
		846D6FE82278113200F50D76 /* TodoAppUITests */ = {
			isa = PBXGroup;
			children = (
				846D6FE92278113200F50D76 /* TodoAppUITests.swift */,
				846D6FEB2278113200F50D76 /* Info.plist */,
			);
			path = TodoAppUITests;
			sourceTree = "<group>";
		};
/* End PBXGroup section */

/* Begin PBXNativeTarget section */
		846D6FC52278113100F50D76 /* TodoApp */ = {
			isa = PBXNativeTarget;
			buildConfigurationList = 846D6FEE2278113200F50D76 /* Build configuration list for PBXNativeTarget "TodoApp" */;
			buildPhases = (
				846D6FC22278113100F50D76 /* Sources */,
				846D6FC32278113100F50D76 /* Frameworks */,
				846D6FC42278113100F50D76 /* Resources */,
			);
			buildRules = (
			);
			dependencies = (
			);
			name = TodoApp;
			productName = TodoApp;
			productReference = 846D6FC62278113100F50D76 /* TodoApp.app */;
			productType = "com.apple.product-type.application";
		};
		846D6FD92278113200F50D76 /* TodoAppTests */ = {
			isa = PBXNativeTarget;
			buildConfigurationList = 846D6FF12278113200F50D76 /* Build configuration list for PBXNativeTarget "TodoAppTests" */;
			buildPhases = (
				846D6FD62278113200F50D76 /* Sources */,
				846D6FD72278113200F50D76 /* Frameworks */,
				846D6FD82278113200F50D76 /* Resources */,
			);
			buildRules = (
			);
			dependencies = (
				846D6FDC2278113200F50D76 /* PBXTargetDependency */,
			);
			name = TodoAppTests;
			productName = TodoAppTests;
			productReference = 846D6FDA2278113200F50D76 /* TodoAppTests.xctest */;
			productType = "com.apple.product-type.bundle.unit-test";
		};
		846D6FE42278113200F50D76 /* TodoAppUITests */ = {
			isa = PBXNativeTarget;
			buildConfigurationList = 846D6FF42278113200F50D76 /* Build configuration list for PBXNativeTarget "TodoAppUITests" */;
			buildPhases = (
				846D6FE12278113200F50D76 /* Sources */,
				846D6FE22278113200F50D76 /* Frameworks */,
				846D6FE32278113200F50D76 /* Resources */,
			);
			buildRules = (
			);
			dependencies = (
				846D6FE72278113200F50D76 /* PBXTargetDependency */,
			);
			name = TodoAppUITests;
			productName = TodoAppUITests;
			productReference = 846D6FE52278113200F50D76 /* TodoAppUITests.xctest */;
			productType = "com.apple.product-type.bundle.ui-testing";
		};
/* End PBXNativeTarget section */

/* Begin PBXProject section */
		846D6FBE2278113100F50D76 /* Project object */ = {
			isa = PBXProject;
			attributes = {
				LastSwiftUpdateCheck = 1020;
				LastUpgradeCheck = 1020;
				ORGANIZATIONNAME = admin;
				TargetAttributes = {
					846D6FC52278113100F50D76 = {
						CreatedOnToolsVersion = 10.2.1;
					};
					846D6FD92278113200F50D76 = {
						CreatedOnToolsVersion = 10.2.1;
						TestTargetID = 846D6FC52278113100F50D76;
					};
					846D6FE42278113200F50D76 = {
						CreatedOnToolsVersion = 10.2.1;
						TestTargetID = 846D6FC52278113100F50D76;
					};
				};
			};
			buildConfigurationList = 846D6FC12278113100F50D76 /* Build configuration list for PBXProject "TodoApp" */;
			compatibilityVersion = "Xcode 9.3";
			developmentRegion = en;
			hasScannedForEncodings = 0;
			knownRegions = (
				en,
				Base,
			);
			mainGroup = 846D6FBD2278113100F50D76;
			productRefGroup = 846D6FC72278113100F50D76 /* Products */;
			projectDirPath = "";
			projectRoot = "";
			targets = (
				846D6FC52278113100F50D76 /* TodoApp */,
				846D6FD92278113200F50D76 /* TodoAppTests */,
				846D6FE42278113200F50D76 /* TodoAppUITests */,
			);
		};
/* End PBXProject section */

/* Begin PBXResourcesBuildPhase section */
		846D6FC42278113100F50D76 /* Resources */ = {
			isa = PBXResourcesBuildPhase;
			buildActionMask = 2147483647;
			files = (
				846D6FD42278113200F50D76 /* LaunchScreen.storyboard in Resources */,
				846D6FD12278113200F50D76 /* Assets.xcassets in Resources */,
				846D6FF82278143600F50D76 /* SecondScreen.storyboard in Resources */,
				846D6FCF2278113100F50D76 /* Main.storyboard in Resources */,
			);
			runOnlyForDeploymentPostprocessing = 0;
		};
		846D6FD82278113200F50D76 /* Resources */ = {
			isa = PBXResourcesBuildPhase;
			buildActionMask = 2147483647;
			files = (
			);
			runOnlyForDeploymentPostprocessing = 0;
		};
		846D6FE32278113200F50D76 /* Resources */ = {
			isa = PBXResourcesBuildPhase;
			buildActionMask = 2147483647;
			files = (
			);
			runOnlyForDeploymentPostprocessing = 0;
		};
/* End PBXResourcesBuildPhase section */

/* Begin PBXSourcesBuildPhase section */
		846D6FC22278113100F50D76 /* Sources */ = {
			isa = PBXSourcesBuildPhase;
			buildActionMask = 2147483647;
			files = (
				846D6FCC2278113100F50D76 /* ViewController.swift in Sources */,
				846D6FFA227815E400F50D76 /* NextViewController.swift in Sources */,
				846D6FCA2278113100F50D76 /* AppDelegate.swift in Sources */,
			);
			runOnlyForDeploymentPostprocessing = 0;
		};
		846D6FD62278113200F50D76 /* Sources */ = {
			isa = PBXSourcesBuildPhase;
			buildActionMask = 2147483647;
			files = (
				846D6FDF2278113200F50D76 /* TodoAppTests.swift in Sources */,
			);
			runOnlyForDeploymentPostprocessing = 0;
		};
		846D6FE12278113200F50D76 /* Sources */ = {
			isa = PBXSourcesBuildPhase;
			buildActionMask = 2147483647;
			files = (
				846D6FEA2278113200F50D76 /* TodoAppUITests.swift in Sources */,
			);
			runOnlyForDeploymentPostprocessing = 0;
		};
/* End PBXSourcesBuildPhase section */

/* Begin PBXTargetDependency section */
		846D6FDC2278113200F50D76 /* PBXTargetDependency */ = {
			isa = PBXTargetDependency;
			target = 846D6FC52278113100F50D76 /* TodoApp */;
			targetProxy = 846D6FDB2278113200F50D76 /* PBXContainerItemProxy */;
		};
		846D6FE72278113200F50D76 /* PBXTargetDependency */ = {
			isa = PBXTargetDependency;
			target = 846D6FC52278113100F50D76 /* TodoApp */;
			targetProxy = 846D6FE62278113200F50D76 /* PBXContainerItemProxy */;
		};
/* End PBXTargetDependency section */

/* Begin PBXVariantGroup section */
		846D6FCD2278113100F50D76 /* Main.storyboard */ = {
			isa = PBXVariantGroup;
			children = (
				846D6FCE2278113100F50D76 /* Base */,
			);
			name = Main.storyboard;
			sourceTree = "<group>";
		};
		846D6FD22278113200F50D76 /* LaunchScreen.storyboard */ = {
			isa = PBXVariantGroup;
			children = (
				846D6FD32278113200F50D76 /* Base */,
			);
			name = LaunchScreen.storyboard;
			sourceTree = "<group>";
		};
/* End PBXVariantGroup section */

/* Begin XCBuildConfiguration section */
		846D6FEC2278113200F50D76 /* Debug */ = {
			isa = XCBuildConfiguration;
			buildSettings = {
				ALWAYS_SEARCH_USER_PATHS = NO;
				CLANG_ANALYZER_NONNULL = YES;
				CLANG_ANALYZER_NUMBER_OBJECT_CONVERSION = YES_AGGRESSIVE;
				CLANG_CXX_LANGUAGE_STANDARD = "gnu++14";
				CLANG_CXX_LIBRARY = "libc++";
				CLANG_ENABLE_MODULES = YES;
				CLANG_ENABLE_OBJC_ARC = YES;
				CLANG_ENABLE_OBJC_WEAK = YES;
				CLANG_WARN_BLOCK_CAPTURE_AUTORELEASING = YES;
				CLANG_WARN_BOOL_CONVERSION = YES;
				CLANG_WARN_COMMA = YES;
				CLANG_WARN_CONSTANT_CONVERSION = YES;
				CLANG_WARN_DEPRECATED_OBJC_IMPLEMENTATIONS = YES;
				CLANG_WARN_DIRECT_OBJC_ISA_USAGE = YES_ERROR;
				CLANG_WARN_DOCUMENTATION_COMMENTS = YES;
				CLANG_WARN_EMPTY_BODY = YES;
				CLANG_WARN_ENUM_CONVERSION = YES;
				CLANG_WARN_INFINITE_RECURSION = YES;
				CLANG_WARN_INT_CONVERSION = YES;
				CLANG_WARN_NON_LITERAL_NULL_CONVERSION = YES;
				CLANG_WARN_OBJC_IMPLICIT_RETAIN_SELF = YES;
				CLANG_WARN_OBJC_LITERAL_CONVERSION = YES;
				CLANG_WARN_OBJC_ROOT_CLASS = YES_ERROR;
				CLANG_WARN_RANGE_LOOP_ANALYSIS = YES;
				CLANG_WARN_STRICT_PROTOTYPES = YES;
				CLANG_WARN_SUSPICIOUS_MOVE = YES;
				CLANG_WARN_UNGUARDED_AVAILABILITY = YES_AGGRESSIVE;
				CLANG_WARN_UNREACHABLE_CODE = YES;
				CLANG_WARN__DUPLICATE_METHOD_MATCH = YES;
				CODE_SIGN_IDENTITY = "iPhone Developer";
				COPY_PHASE_STRIP = NO;
				DEBUG_INFORMATION_FORMAT = dwarf;
				ENABLE_STRICT_OBJC_MSGSEND = YES;
				ENABLE_TESTABILITY = YES;
				GCC_C_LANGUAGE_STANDARD = gnu11;
				GCC_DYNAMIC_NO_PIC = NO;
				GCC_NO_COMMON_BLOCKS = YES;
				GCC_OPTIMIZATION_LEVEL = 0;
				GCC_PREPROCESSOR_DEFINITIONS = (
					"DEBUG=1",
					"$(inherited)",
				);
				GCC_WARN_64_TO_32_BIT_CONVERSION = YES;
				GCC_WARN_ABOUT_RETURN_TYPE = YES_ERROR;
				GCC_WARN_UNDECLARED_SELECTOR = YES;
				GCC_WARN_UNINITIALIZED_AUTOS = YES_AGGRESSIVE;
				GCC_WARN_UNUSED_FUNCTION = YES;
				GCC_WARN_UNUSED_VARIABLE = YES;
				IPHONEOS_DEPLOYMENT_TARGET = 12.2;
				MTL_ENABLE_DEBUG_INFO = INCLUDE_SOURCE;
				MTL_FAST_MATH = YES;
				ONLY_ACTIVE_ARCH = YES;
				SDKROOT = iphoneos;
				SWIFT_ACTIVE_COMPILATION_CONDITIONS = DEBUG;
				SWIFT_OPTIMIZATION_LEVEL = "-Onone";
			};
			name = Debug;
		};
		846D6FED2278113200F50D76 /* Release */ = {
			isa = XCBuildConfiguration;
			buildSettings = {
				ALWAYS_SEARCH_USER_PATHS = NO;
				CLANG_ANALYZER_NONNULL = YES;
				CLANG_ANALYZER_NUMBER_OBJECT_CONVERSION = YES_AGGRESSIVE;
				CLANG_CXX_LANGUAGE_STANDARD = "gnu++14";
				CLANG_CXX_LIBRARY = "libc++";
				CLANG_ENABLE_MODULES = YES;
				CLANG_ENABLE_OBJC_ARC = YES;
				CLANG_ENABLE_OBJC_WEAK = YES;
				CLANG_WARN_BLOCK_CAPTURE_AUTORELEASING = YES;
				CLANG_WARN_BOOL_CONVERSION = YES;
				CLANG_WARN_COMMA = YES;
				CLANG_WARN_CONSTANT_CONVERSION = YES;
				CLANG_WARN_DEPRECATED_OBJC_IMPLEMENTATIONS = YES;
				CLANG_WARN_DIRECT_OBJC_ISA_USAGE = YES_ERROR;
				CLANG_WARN_DOCUMENTATION_COMMENTS = YES;
				CLANG_WARN_EMPTY_BODY = YES;
				CLANG_WARN_ENUM_CONVERSION = YES;
				CLANG_WARN_INFINITE_RECURSION = YES;
				CLANG_WARN_INT_CONVERSION = YES;
				CLANG_WARN_NON_LITERAL_NULL_CONVERSION = YES;
				CLANG_WARN_OBJC_IMPLICIT_RETAIN_SELF = YES;
				CLANG_WARN_OBJC_LITERAL_CONVERSION = YES;
				CLANG_WARN_OBJC_ROOT_CLASS = YES_ERROR;
				CLANG_WARN_RANGE_LOOP_ANALYSIS = YES;
				CLANG_WARN_STRICT_PROTOTYPES = YES;
				CLANG_WARN_SUSPICIOUS_MOVE = YES;
				CLANG_WARN_UNGUARDED_AVAILABILITY = YES_AGGRESSIVE;
				CLANG_WARN_UNREACHABLE_CODE = YES;
				CLANG_WARN__DUPLICATE_METHOD_MATCH = YES;
				CODE_SIGN_IDENTITY = "iPhone Developer";
				COPY_PHASE_STRIP = NO;
				DEBUG_INFORMATION_FORMAT = "dwarf-with-dsym";
				ENABLE_NS_ASSERTIONS = NO;
				ENABLE_STRICT_OBJC_MSGSEND = YES;
				GCC_C_LANGUAGE_STANDARD = gnu11;
				GCC_NO_COMMON_BLOCKS = YES;
				GCC_WARN_64_TO_32_BIT_CONVERSION = YES;
				GCC_WARN_ABOUT_RETURN_TYPE = YES_ERROR;
				GCC_WARN_UNDECLARED_SELECTOR = YES;
				GCC_WARN_UNINITIALIZED_AUTOS = YES_AGGRESSIVE;
				GCC_WARN_UNUSED_FUNCTION = YES;
				GCC_WARN_UNUSED_VARIABLE = YES;
				IPHONEOS_DEPLOYMENT_TARGET = 12.2;
				MTL_ENABLE_DEBUG_INFO = NO;
				MTL_FAST_MATH = YES;
				SDKROOT = iphoneos;
				SWIFT_COMPILATION_MODE = wholemodule;
				SWIFT_OPTIMIZATION_LEVEL = "-O";
				VALIDATE_PRODUCT = YES;
			};
			name = Release;
		};
		846D6FEF2278113200F50D76 /* Debug */ = {
			isa = XCBuildConfiguration;
			buildSettings = {
				ASSETCATALOG_COMPILER_APPICON_NAME = AppIcon;
				CODE_SIGN_STYLE = Automatic;
				INFOPLIST_FILE = TodoApp/Info.plist;
				LD_RUNPATH_SEARCH_PATHS = (
					"$(inherited)",
					"@executable_path/Frameworks",
				);
				PRODUCT_BUNDLE_IDENTIFIER = ABC.TodoApp;
				PRODUCT_NAME = "$(TARGET_NAME)";
				SWIFT_VERSION = 5.0;
				TARGETED_DEVICE_FAMILY = "1,2";
			};
			name = Debug;
		};
		846D6FF02278113200F50D76 /* Release */ = {
			isa = XCBuildConfiguration;
			buildSettings = {
				ASSETCATALOG_COMPILER_APPICON_NAME = AppIcon;
				CODE_SIGN_STYLE = Automatic;
				INFOPLIST_FILE = TodoApp/Info.plist;
				LD_RUNPATH_SEARCH_PATHS = (
					"$(inherited)",
					"@executable_path/Frameworks",
				);
				PRODUCT_BUNDLE_IDENTIFIER = ABC.TodoApp;
				PRODUCT_NAME = "$(TARGET_NAME)";
				SWIFT_VERSION = 5.0;
				TARGETED_DEVICE_FAMILY = "1,2";
			};
			name = Release;
		};
		846D6FF22278113200F50D76 /* Debug */ = {
			isa = XCBuildConfiguration;
			buildSettings = {
				ALWAYS_EMBED_SWIFT_STANDARD_LIBRARIES = YES;
				BUNDLE_LOADER = "$(TEST_HOST)";
				CODE_SIGN_STYLE = Automatic;
				INFOPLIST_FILE = TodoAppTests/Info.plist;
				LD_RUNPATH_SEARCH_PATHS = (
					"$(inherited)",
					"@executable_path/Frameworks",
					"@loader_path/Frameworks",
				);
				PRODUCT_BUNDLE_IDENTIFIER = ABC.TodoAppTests;
				PRODUCT_NAME = "$(TARGET_NAME)";
				SWIFT_VERSION = 5.0;
				TARGETED_DEVICE_FAMILY = "1,2";
				TEST_HOST = "$(BUILT_PRODUCTS_DIR)/TodoApp.app/TodoApp";
			};
			name = Debug;
		};
		846D6FF32278113200F50D76 /* Release */ = {
			isa = XCBuildConfiguration;
			buildSettings = {
				ALWAYS_EMBED_SWIFT_STANDARD_LIBRARIES = YES;
				BUNDLE_LOADER = "$(TEST_HOST)";
				CODE_SIGN_STYLE = Automatic;
				INFOPLIST_FILE = TodoAppTests/Info.plist;
				LD_RUNPATH_SEARCH_PATHS = (
					"$(inherited)",
					"@executable_path/Frameworks",
					"@loader_path/Frameworks",
				);
				PRODUCT_BUNDLE_IDENTIFIER = ABC.TodoAppTests;
				PRODUCT_NAME = "$(TARGET_NAME)";
				SWIFT_VERSION = 5.0;
				TARGETED_DEVICE_FAMILY = "1,2";
				TEST_HOST = "$(BUILT_PRODUCTS_DIR)/TodoApp.app/TodoApp";
			};
			name = Release;
		};
		846D6FF52278113200F50D76 /* Debug */ = {
			isa = XCBuildConfiguration;
			buildSettings = {
				ALWAYS_EMBED_SWIFT_STANDARD_LIBRARIES = YES;
				CODE_SIGN_STYLE = Automatic;
				INFOPLIST_FILE = TodoAppUITests/Info.plist;
				LD_RUNPATH_SEARCH_PATHS = (
					"$(inherited)",
					"@executable_path/Frameworks",
					"@loader_path/Frameworks",
				);
				PRODUCT_BUNDLE_IDENTIFIER = ABC.TodoAppUITests;
				PRODUCT_NAME = "$(TARGET_NAME)";
				SWIFT_VERSION = 5.0;
				TARGETED_DEVICE_FAMILY = "1,2";
				TEST_TARGET_NAME = TodoApp;
			};
			name = Debug;
		};
		846D6FF62278113200F50D76 /* Release */ = {
			isa = XCBuildConfiguration;
			buildSettings = {
				ALWAYS_EMBED_SWIFT_STANDARD_LIBRARIES = YES;
				CODE_SIGN_STYLE = Automatic;
				INFOPLIST_FILE = TodoAppUITests/Info.plist;
				LD_RUNPATH_SEARCH_PATHS = (
					"$(inherited)",
					"@executable_path/Frameworks",
					"@loader_path/Frameworks",
				);
				PRODUCT_BUNDLE_IDENTIFIER = ABC.TodoAppUITests;
				PRODUCT_NAME = "$(TARGET_NAME)";
				SWIFT_VERSION = 5.0;
				TARGETED_DEVICE_FAMILY = "1,2";
				TEST_TARGET_NAME = TodoApp;
			};
			name = Release;
		};
/* End XCBuildConfiguration section */

/* Begin XCConfigurationList section */
		846D6FC12278113100F50D76 /* Build configuration list for PBXProject "TodoApp" */ = {
			isa = XCConfigurationList;
			buildConfigurations = (
				846D6FEC2278113200F50D76 /* Debug */,
				846D6FED2278113200F50D76 /* Release */,
			);
			defaultConfigurationIsVisible = 0;
			defaultConfigurationName = Release;
		};
		846D6FEE2278113200F50D76 /* Build configuration list for PBXNativeTarget "TodoApp" */ = {
			isa = XCConfigurationList;
			buildConfigurations = (
				846D6FEF2278113200F50D76 /* Debug */,
				846D6FF02278113200F50D76 /* Release */,
			);
			defaultConfigurationIsVisible = 0;
			defaultConfigurationName = Release;
		};
		846D6FF12278113200F50D76 /* Build configuration list for PBXNativeTarget "TodoAppTests" */ = {
			isa = XCConfigurationList;
			buildConfigurations = (
				846D6FF22278113200F50D76 /* Debug */,
				846D6FF32278113200F50D76 /* Release */,
			);
			defaultConfigurationIsVisible = 0;
			defaultConfigurationName = Release;
		};
		846D6FF42278113200F50D76 /* Build configuration list for PBXNativeTarget "TodoAppUITests" */ = {
			isa = XCConfigurationList;
			buildConfigurations = (
				846D6FF52278113200F50D76 /* Debug */,
				846D6FF62278113200F50D76 /* Release */,
			);
			defaultConfigurationIsVisible = 0;
			defaultConfigurationName = Release;
		};
/* End XCConfigurationList section */
	};
	rootObject = 846D6FBE2278113100F50D76 /* Project object */;
}
